{
  "name": "auto-peer",
  "version": "0.2.0",
  "dependencies": {
    "eventemitter3": {
      "version": "0.1.6",
      "from": "eventemitter3@",
      "resolved": "https://registry.npmjs.org/eventemitter3/-/eventemitter3-0.1.6.tgz"
    },
    "express": {
      "version": "4.10.6",
      "from": "express@",
      "resolved": "https://registry.npmjs.org/express/-/express-4.10.6.tgz",
      "dependencies": {
        "accepts": {
          "version": "1.1.4",
          "from": "accepts@~1.1.4",
          "resolved": "https://registry.npmjs.org/accepts/-/accepts-1.1.4.tgz",
          "dependencies": {
            "mime-types": {
              "version": "2.0.4",
              "from": "mime-types@~2.0.4",
              "resolved": "https://registry.npmjs.org/mime-types/-/mime-types-2.0.4.tgz",
              "dependencies": {
                "mime-db": {
                  "version": "1.3.1",
                  "from": "mime-db@~1.3.0",
                  "resolved": "https://registry.npmjs.org/mime-db/-/mime-db-1.3.1.tgz"
                }
              }
            },
            "negotiator": {
              "version": "0.4.9",
              "from": "negotiator@0.4.9",
              "resolved": "https://registry.npmjs.org/negotiator/-/negotiator-0.4.9.tgz"
            }
          }
        },
        "content-disposition": {
          "version": "0.5.0",
          "from": "content-disposition@0.5.0",
          "resolved": "https://registry.npmjs.org/content-disposition/-/content-disposition-0.5.0.tgz"
        },
        "cookie-signature": {
          "version": "1.0.5",
          "from": "cookie-signature@1.0.5",
          "resolved": "https://registry.npmjs.org/cookie-signature/-/cookie-signature-1.0.5.tgz"
        },
        "debug": {
          "version": "2.1.0",
          "from": "debug@~2.1.0",
          "resolved": "https://registry.npmjs.org/debug/-/debug-2.1.0.tgz",
          "dependencies": {
            "ms": {
              "version": "0.6.2",
              "from": "ms@0.6.2",
              "resolved": "https://registry.npmjs.org/ms/-/ms-0.6.2.tgz"
            }
          }
        },
        "depd": {
          "version": "1.0.0",
          "from": "depd@~1.0.0",
          "resolved": "https://registry.npmjs.org/depd/-/depd-1.0.0.tgz"
        },
        "escape-html": {
          "version": "1.0.1",
          "from": "escape-html@1.0.1",
          "resolved": "https://registry.npmjs.org/escape-html/-/escape-html-1.0.1.tgz"
        },
        "etag": {
          "version": "1.5.1",
          "from": "etag@~1.5.1",
          "resolved": "https://registry.npmjs.org/etag/-/etag-1.5.1.tgz",
          "dependencies": {
            "crc": {
              "version": "3.2.1",
              "from": "crc@3.2.1",
              "resolved": "https://registry.npmjs.org/crc/-/crc-3.2.1.tgz"
            }
          }
        },
        "finalhandler": {
          "version": "0.3.2",
          "from": "finalhandler@0.3.2",
          "resolved": "https://registry.npmjs.org/finalhandler/-/finalhandler-0.3.2.tgz"
        },
        "fresh": {
          "version": "0.2.4",
          "from": "fresh@0.2.4",
          "resolved": "https://registry.npmjs.org/fresh/-/fresh-0.2.4.tgz"
        },
        "media-typer": {
          "version": "0.3.0",
          "from": "media-typer@0.3.0",
          "resolved": "https://registry.npmjs.org/media-typer/-/media-typer-0.3.0.tgz"
        },
        "methods": {
          "version": "1.1.0",
          "from": "methods@1.1.0",
          "resolved": "https://registry.npmjs.org/methods/-/methods-1.1.0.tgz"
        },
        "on-finished": {
          "version": "2.1.1",
          "from": "on-finished@~2.1.1",
          "resolved": "https://registry.npmjs.org/on-finished/-/on-finished-2.1.1.tgz",
          "dependencies": {
            "ee-first": {
              "version": "1.1.0",
              "from": "ee-first@1.1.0",
              "resolved": "https://registry.npmjs.org/ee-first/-/ee-first-1.1.0.tgz"
            }
          }
        },
        "parseurl": {
          "version": "1.3.0",
          "from": "parseurl@~1.3.0",
          "resolved": "https://registry.npmjs.org/parseurl/-/parseurl-1.3.0.tgz"
        },
        "path-to-regexp": {
          "version": "0.1.3",
          "from": "path-to-regexp@0.1.3",
          "resolved": "https://registry.npmjs.org/path-to-regexp/-/path-to-regexp-0.1.3.tgz"
        },
        "proxy-addr": {
          "version": "1.0.4",
          "from": "proxy-addr@~1.0.4",
          "resolved": "https://registry.npmjs.org/proxy-addr/-/proxy-addr-1.0.4.tgz",
          "dependencies": {
            "forwarded": {
              "version": "0.1.0",
              "from": "forwarded@~0.1.0",
              "resolved": "https://registry.npmjs.org/forwarded/-/forwarded-0.1.0.tgz"
            },
            "ipaddr.js": {
              "version": "0.1.5",
              "from": "ipaddr.js@0.1.5",
              "resolved": "https://registry.npmjs.org/ipaddr.js/-/ipaddr.js-0.1.5.tgz"
            }
          }
        },
        "qs": {
          "version": "2.3.3",
          "from": "qs@2.3.3",
          "resolved": "https://registry.npmjs.org/qs/-/qs-2.3.3.tgz"
        },
        "range-parser": {
          "version": "1.0.2",
          "from": "range-parser@~1.0.2"
        },
        "send": {
          "version": "0.10.1",
          "from": "send@0.10.1",
          "resolved": "https://registry.npmjs.org/send/-/send-0.10.1.tgz",
          "dependencies": {
            "destroy": {
              "version": "1.0.3",
              "from": "destroy@1.0.3",
              "resolved": "https://registry.npmjs.org/destroy/-/destroy-1.0.3.tgz"
            },
            "mime": {
              "version": "1.2.11",
              "from": "mime@1.2.11",
              "resolved": "https://registry.npmjs.org/mime/-/mime-1.2.11.tgz"
            },
            "ms": {
              "version": "0.6.2",
              "from": "ms@0.6.2",
              "resolved": "https://registry.npmjs.org/ms/-/ms-0.6.2.tgz"
            }
          }
        },
        "serve-static": {
          "version": "1.7.1",
          "from": "serve-static@~1.7.1",
          "resolved": "https://registry.npmjs.org/serve-static/-/serve-static-1.7.1.tgz"
        },
        "type-is": {
          "version": "1.5.4",
          "from": "type-is@~1.5.4",
          "resolved": "https://registry.npmjs.org/type-is/-/type-is-1.5.4.tgz",
          "dependencies": {
            "mime-types": {
              "version": "2.0.4",
              "from": "mime-types@~2.0.4",
              "resolved": "https://registry.npmjs.org/mime-types/-/mime-types-2.0.4.tgz",
              "dependencies": {
                "mime-db": {
                  "version": "1.3.1",
                  "from": "mime-db@~1.3.0",
                  "resolved": "https://registry.npmjs.org/mime-db/-/mime-db-1.3.1.tgz"
                }
              }
            }
          }
        },
        "vary": {
          "version": "1.0.0",
          "from": "vary@~1.0.0",
          "resolved": "https://registry.npmjs.org/vary/-/vary-1.0.0.tgz"
        },
        "cookie": {
          "version": "0.1.2",
          "from": "cookie@0.1.2",
          "resolved": "https://registry.npmjs.org/cookie/-/cookie-0.1.2.tgz"
        },
        "merge-descriptors": {
          "version": "0.0.2",
          "from": "merge-descriptors@0.0.2",
          "resolved": "https://registry.npmjs.org/merge-descriptors/-/merge-descriptors-0.0.2.tgz"
        },
        "utils-merge": {
          "version": "1.0.0",
          "from": "utils-merge@1.0.0",
          "resolved": "https://registry.npmjs.org/utils-merge/-/utils-merge-1.0.0.tgz"
        }
      }
    },
    "grunt-casper": {
      "version": "0.4.1",
      "from": "grunt-casper@",
      "resolved": "https://registry.npmjs.org/grunt-casper/-/grunt-casper-0.4.1.tgz",
      "dependencies": {
        "casperjs": {
          "version": "1.1.0-beta3",
          "from": "casperjs@~1.1.0-beta3",
          "resolved": "https://registry.npmjs.org/casperjs/-/casperjs-1.1.0-beta3.tgz"
        },
        "duration": {
          "version": "0.2.0",
          "from": "duration@~0.2.0",
          "resolved": "https://registry.npmjs.org/duration/-/duration-0.2.0.tgz",
          "dependencies": {
            "d": {
              "version": "0.1.1",
              "from": "d@~0.1.1"
            },
            "es5-ext": {
              "version": "0.10.4",
              "from": "es5-ext@~0.10.2",
              "dependencies": {
                "es6-iterator": {
                  "version": "0.1.2",
                  "from": "es6-iterator@~0.1.1",
                  "resolved": "https://registry.npmjs.org/es6-iterator/-/es6-iterator-0.1.2.tgz"
                },
                "es6-symbol": {
                  "version": "0.1.1",
                  "from": "es6-symbol@0.1.x",
                  "resolved": "https://registry.npmjs.org/es6-symbol/-/es6-symbol-0.1.1.tgz"
                }
              }
            }
          }
        },
        "lodash": {
          "version": "2.4.1",
          "from": "lodash@~2.4.1",
          "resolved": "https://registry.npmjs.org/lodash/-/lodash-2.4.1.tgz"
        },
        "phantomjs": {
          "version": "1.9.13",
          "from": "phantomjs@~1.9.7-1",
          "resolved": "https://registry.npmjs.org/phantomjs/-/phantomjs-1.9.13.tgz",
          "dependencies": {
            "adm-zip": {
              "version": "0.4.4",
              "from": "adm-zip@0.4.4",
              "resolved": "https://registry.npmjs.org/adm-zip/-/adm-zip-0.4.4.tgz"
            },
            "kew": {
              "version": "0.4.0",
              "from": "kew@0.4.0",
              "resolved": "https://registry.npmjs.org/kew/-/kew-0.4.0.tgz"
            },
            "ncp": {
              "version": "1.0.1",
              "from": "ncp@~1.0.1",
              "resolved": "https://registry.npmjs.org/ncp/-/ncp-1.0.1.tgz"
            },
            "npmconf": {
              "version": "2.0.9",
              "from": "npmconf@2.0.9",
              "resolved": "https://registry.npmjs.org/npmconf/-/npmconf-2.0.9.tgz",
              "dependencies": {
                "config-chain": {
                  "version": "1.1.8",
                  "from": "config-chain@~1.1.8",
                  "dependencies": {
                    "proto-list": {
                      "version": "1.2.3",
                      "from": "proto-list@~1.2.1",
                      "resolved": "https://registry.npmjs.org/proto-list/-/proto-list-1.2.3.tgz"
                    }
                  }
                },
                "inherits": {
                  "version": "2.0.1",
                  "from": "inherits@~2.0.0",
                  "resolved": "https://registry.npmjs.org/inherits/-/inherits-2.0.1.tgz"
                },
                "ini": {
                  "version": "1.3.2",
                  "from": "ini@^1.2.0",
                  "resolved": "https://registry.npmjs.org/ini/-/ini-1.3.2.tgz"
                },
                "nopt": {
                  "version": "3.0.1",
                  "from": "nopt@~3.0.1",
                  "resolved": "https://registry.npmjs.org/nopt/-/nopt-3.0.1.tgz",
                  "dependencies": {
                    "abbrev": {
                      "version": "1.0.5",
                      "from": "abbrev@1",
                      "resolved": "https://registry.npmjs.org/abbrev/-/abbrev-1.0.5.tgz"
                    }
                  }
                },
                "once": {
                  "version": "1.3.1",
                  "from": "once@~1.3.0",
                  "resolved": "https://registry.npmjs.org/once/-/once-1.3.1.tgz",
                  "dependencies": {
                    "wrappy": {
                      "version": "1.0.1",
                      "from": "wrappy@1",
                      "resolved": "https://registry.npmjs.org/wrappy/-/wrappy-1.0.1.tgz"
                    }
                  }
                },
                "osenv": {
                  "version": "0.1.0",
                  "from": "osenv@^0.1.0",
                  "resolved": "https://registry.npmjs.org/osenv/-/osenv-0.1.0.tgz"
                },
                "semver": {
                  "version": "4.2.0",
                  "from": "semver@2 || 3 || 4",
                  "resolved": "https://registry.npmjs.org/semver/-/semver-4.2.0.tgz"
                },
                "uid-number": {
                  "version": "0.0.5",
                  "from": "uid-number@0.0.5",
                  "resolved": "https://registry.npmjs.org/uid-number/-/uid-number-0.0.5.tgz"
                }
              }
            },
            "mkdirp": {
              "version": "0.5.0",
              "from": "mkdirp@0.5.0",
              "resolved": "https://registry.npmjs.org/mkdirp/-/mkdirp-0.5.0.tgz",
              "dependencies": {
                "minimist": {
                  "version": "0.0.8",
                  "from": "minimist@0.0.8",
                  "resolved": "https://registry.npmjs.org/minimist/-/minimist-0.0.8.tgz"
                }
              }
            },
            "progress": {
              "version": "1.1.8",
              "from": "progress@1.1.8",
              "resolved": "https://registry.npmjs.org/progress/-/progress-1.1.8.tgz"
            },
            "request": {
              "version": "2.42.0",
              "from": "request@2.42.0",
              "resolved": "https://registry.npmjs.org/request/-/request-2.42.0.tgz",
              "dependencies": {
                "bl": {
                  "version": "0.9.3",
                  "from": "bl@~0.9.0",
                  "resolved": "https://registry.npmjs.org/bl/-/bl-0.9.3.tgz",
                  "dependencies": {
                    "readable-stream": {
                      "version": "1.0.33",
                      "from": "readable-stream@~1.0.26",
                      "resolved": "https://registry.npmjs.org/readable-stream/-/readable-stream-1.0.33.tgz",
                      "dependencies": {
                        "core-util-is": {
                          "version": "1.0.1",
                          "from": "core-util-is@~1.0.0",
                          "resolved": "https://registry.npmjs.org/core-util-is/-/core-util-is-1.0.1.tgz"
                        },
                        "isarray": {
                          "version": "0.0.1",
                          "from": "isarray@0.0.1",
                          "resolved": "https://registry.npmjs.org/isarray/-/isarray-0.0.1.tgz"
                        },
                        "string_decoder": {
                          "version": "0.10.31",
                          "from": "string_decoder@~0.10.x",
                          "resolved": "https://registry.npmjs.org/string_decoder/-/string_decoder-0.10.31.tgz"
                        },
                        "inherits": {
                          "version": "2.0.1",
                          "from": "inherits@~2.0.1",
                          "resolved": "https://registry.npmjs.org/inherits/-/inherits-2.0.1.tgz"
                        }
                      }
                    }
                  }
                },
                "caseless": {
                  "version": "0.6.0",
                  "from": "caseless@~0.6.0",
                  "resolved": "https://registry.npmjs.org/caseless/-/caseless-0.6.0.tgz"
                },
                "forever-agent": {
                  "version": "0.5.2",
                  "from": "forever-agent@~0.5.0",
                  "resolved": "https://registry.npmjs.org/forever-agent/-/forever-agent-0.5.2.tgz"
                },
                "qs": {
                  "version": "1.2.2",
                  "from": "qs@~1.2.0",
                  "resolved": "https://registry.npmjs.org/qs/-/qs-1.2.2.tgz"
                },
                "json-stringify-safe": {
                  "version": "5.0.0",
                  "from": "json-stringify-safe@~5.0.0",
                  "resolved": "https://registry.npmjs.org/json-stringify-safe/-/json-stringify-safe-5.0.0.tgz"
                },
                "mime-types": {
                  "version": "1.0.2",
                  "from": "mime-types@~1.0.1",
                  "resolved": "https://registry.npmjs.org/mime-types/-/mime-types-1.0.2.tgz"
                },
                "node-uuid": {
                  "version": "1.4.2",
                  "from": "node-uuid@~1.4.0",
                  "resolved": "https://registry.npmjs.org/node-uuid/-/node-uuid-1.4.2.tgz"
                },
                "tunnel-agent": {
                  "version": "0.4.0",
                  "from": "tunnel-agent@~0.4.0"
                },
                "tough-cookie": {
                  "version": "0.12.1",
                  "from": "tough-cookie@>=0.12.0",
                  "dependencies": {
                    "punycode": {
                      "version": "1.3.2",
                      "from": "punycode@>=0.2.0",
                      "resolved": "https://registry.npmjs.org/punycode/-/punycode-1.3.2.tgz"
                    }
                  }
                },
                "form-data": {
                  "version": "0.1.4",
                  "from": "form-data@~0.1.0",
                  "resolved": "https://registry.npmjs.org/form-data/-/form-data-0.1.4.tgz",
                  "dependencies": {
                    "combined-stream": {
                      "version": "0.0.7",
                      "from": "combined-stream@~0.0.4",
                      "resolved": "https://registry.npmjs.org/combined-stream/-/combined-stream-0.0.7.tgz",
                      "dependencies": {
                        "delayed-stream": {
                          "version": "0.0.5",
                          "from": "delayed-stream@0.0.5",
                          "resolved": "https://registry.npmjs.org/delayed-stream/-/delayed-stream-0.0.5.tgz"
                        }
                      }
                    },
                    "mime": {
                      "version": "1.2.11",
                      "from": "mime@~1.2.11",
                      "resolved": "https://registry.npmjs.org/mime/-/mime-1.2.11.tgz"
                    },
                    "async": {
                      "version": "0.9.0",
                      "from": "async@~0.9.0",
                      "resolved": "https://registry.npmjs.org/async/-/async-0.9.0.tgz"
                    }
                  }
                },
                "http-signature": {
                  "version": "0.10.0",
                  "from": "http-signature@~0.10.0",
                  "resolved": "https://registry.npmjs.org/http-signature/-/http-signature-0.10.0.tgz",
                  "dependencies": {
                    "assert-plus": {
                      "version": "0.1.2",
                      "from": "assert-plus@0.1.2",
                      "resolved": "https://registry.npmjs.org/assert-plus/-/assert-plus-0.1.2.tgz"
                    },
                    "asn1": {
                      "version": "0.1.11",
                      "from": "asn1@0.1.11",
                      "resolved": "https://registry.npmjs.org/asn1/-/asn1-0.1.11.tgz"
                    },
                    "ctype": {
                      "version": "0.5.2",
                      "from": "ctype@0.5.2",
                      "resolved": "https://registry.npmjs.org/ctype/-/ctype-0.5.2.tgz"
                    }
                  }
                },
                "oauth-sign": {
                  "version": "0.4.0",
                  "from": "oauth-sign@~0.4.0",
                  "resolved": "https://registry.npmjs.org/oauth-sign/-/oauth-sign-0.4.0.tgz"
                },
                "hawk": {
                  "version": "1.1.1",
                  "from": "hawk@1.1.1",
                  "resolved": "https://registry.npmjs.org/hawk/-/hawk-1.1.1.tgz",
                  "dependencies": {
                    "hoek": {
                      "version": "0.9.1",
                      "from": "hoek@0.9.x",
                      "resolved": "https://registry.npmjs.org/hoek/-/hoek-0.9.1.tgz"
                    },
                    "boom": {
                      "version": "0.4.2",
                      "from": "boom@0.4.x",
                      "resolved": "https://registry.npmjs.org/boom/-/boom-0.4.2.tgz"
                    },
                    "cryptiles": {
                      "version": "0.2.2",
                      "from": "cryptiles@0.2.x",
                      "resolved": "https://registry.npmjs.org/cryptiles/-/cryptiles-0.2.2.tgz"
                    },
                    "sntp": {
                      "version": "0.2.4",
                      "from": "sntp@0.2.x",
                      "resolved": "https://registry.npmjs.org/sntp/-/sntp-0.2.4.tgz"
                    }
                  }
                },
                "aws-sign2": {
                  "version": "0.5.0",
                  "from": "aws-sign2@~0.5.0"
                },
                "stringstream": {
                  "version": "0.0.4",
                  "from": "stringstream@~0.0.4",
                  "resolved": "https://registry.npmjs.org/stringstream/-/stringstream-0.0.4.tgz"
                }
              }
            },
            "request-progress": {
              "version": "0.3.1",
              "from": "request-progress@0.3.1",
              "resolved": "https://registry.npmjs.org/request-progress/-/request-progress-0.3.1.tgz",
              "dependencies": {
                "throttleit": {
                  "version": "0.0.2",
                  "from": "throttleit@~0.0.2"
                }
              }
            },
            "rimraf": {
              "version": "2.2.8",
              "from": "rimraf@~2.2.8",
              "resolved": "https://registry.npmjs.org/rimraf/-/rimraf-2.2.8.tgz"
            },
            "which": {
              "version": "1.0.8",
              "from": "which@~1.0.5",
              "resolved": "https://registry.npmjs.org/which/-/which-1.0.8.tgz"
            }
          }
        }
      }
    },
    "peerjs": {
      "version": "0.3.14",
      "from": "peerjs@git+https://github.com/peers/peerjs.git",
      "resolved": "git+https://github.com/peers/peerjs.git#dcba638d390b12c4866ff1bee3854cb0cfefa16a",
      "dependencies": {
        "js-binarypack": {
          "version": "0.0.9",
          "from": "js-binarypack@0.0.9",
          "resolved": "https://registry.npmjs.org/js-binarypack/-/js-binarypack-0.0.9.tgz"
        },
        "reliable": {
          "version": "0.1.0",
          "from": "reliable@git+https://github.com/michelle/reliable.git",
          "resolved": "git+https://github.com/michelle/reliable.git#f09ba29d57a05beaa07990171f3fe7b746587aaa"
        }
      }
    },
    "socket.io": {
      "version": "1.2.1",
      "from": "socket.io@",
      "resolved": "https://registry.npmjs.org/socket.io/-/socket.io-1.2.1.tgz",
      "dependencies": {
        "engine.io": {
          "version": "1.4.3",
          "from": "engine.io@1.4.3",
          "resolved": "https://registry.npmjs.org/engine.io/-/engine.io-1.4.3.tgz",
          "dependencies": {
            "debug": {
              "version": "1.0.3",
              "from": "debug@1.0.3",
              "resolved": "https://registry.npmjs.org/debug/-/debug-1.0.3.tgz",
              "dependencies": {
                "ms": {
                  "version": "0.6.2",
                  "from": "ms@0.6.2",
                  "resolved": "https://registry.npmjs.org/ms/-/ms-0.6.2.tgz"
                }
              }
            },
            "ws": {
              "version": "0.5.0",
              "from": "ws@0.5.0",
              "resolved": "https://registry.npmjs.org/ws/-/ws-0.5.0.tgz",
              "dependencies": {
                "nan": {
                  "version": "1.4.1",
                  "from": "nan@1.4.x",
                  "resolved": "https://registry.npmjs.org/nan/-/nan-1.4.1.tgz"
                },
                "options": {
                  "version": "0.0.6",
                  "from": "options@>=0.0.5",
                  "resolved": "https://registry.npmjs.org/options/-/options-0.0.6.tgz"
                },
                "ultron": {
                  "version": "1.0.1",
                  "from": "ultron@1.0.x",
                  "resolved": "https://registry.npmjs.org/ultron/-/ultron-1.0.1.tgz"
                }
              }
            },
            "engine.io-parser": {
              "version": "1.1.0",
              "from": "engine.io-parser@1.1.0",
              "resolved": "https://registry.npmjs.org/engine.io-parser/-/engine.io-parser-1.1.0.tgz",
              "dependencies": {
                "base64-arraybuffer": {
                  "version": "0.1.2",
                  "from": "base64-arraybuffer@0.1.2",
                  "resolved": "https://registry.npmjs.org/base64-arraybuffer/-/base64-arraybuffer-0.1.2.tgz"
                },
                "after": {
                  "version": "0.8.1",
                  "from": "after@0.8.1",
                  "resolved": "https://registry.npmjs.org/after/-/after-0.8.1.tgz"
                },
                "arraybuffer.slice": {
                  "version": "0.0.6",
                  "from": "arraybuffer.slice@0.0.6",
                  "resolved": "https://registry.npmjs.org/arraybuffer.slice/-/arraybuffer.slice-0.0.6.tgz"
                },
                "blob": {
                  "version": "0.0.2",
                  "from": "blob@0.0.2",
                  "resolved": "https://registry.npmjs.org/blob/-/blob-0.0.2.tgz"
                },
                "utf8": {
                  "version": "2.0.0",
                  "from": "utf8@2.0.0",
                  "resolved": "https://registry.npmjs.org/utf8/-/utf8-2.0.0.tgz"
                }
              }
            },
            "base64id": {
              "version": "0.1.0",
              "from": "base64id@0.1.0",
              "resolved": "https://registry.npmjs.org/base64id/-/base64id-0.1.0.tgz"
            }
          }
        },
        "socket.io-parser": {
          "version": "2.2.2",
          "from": "socket.io-parser@2.2.2",
          "resolved": "https://registry.npmjs.org/socket.io-parser/-/socket.io-parser-2.2.2.tgz",
          "dependencies": {
            "json3": {
              "version": "3.2.6",
              "from": "json3@3.2.6",
              "resolved": "https://registry.npmjs.org/json3/-/json3-3.2.6.tgz"
            },
            "component-emitter": {
              "version": "1.1.2",
              "from": "component-emitter@1.1.2",
              "resolved": "https://registry.npmjs.org/component-emitter/-/component-emitter-1.1.2.tgz"
            },
            "isarray": {
              "version": "0.0.1",
              "from": "isarray@0.0.1",
              "resolved": "https://registry.npmjs.org/isarray/-/isarray-0.0.1.tgz"
            },
            "benchmark": {
              "version": "1.0.0",
              "from": "benchmark@1.0.0",
              "resolved": "https://registry.npmjs.org/benchmark/-/benchmark-1.0.0.tgz"
            }
          }
        },
        "socket.io-client": {
          "version": "1.2.1",
          "from": "socket.io-client@1.2.1",
          "resolved": "https://registry.npmjs.org/socket.io-client/-/socket.io-client-1.2.1.tgz",
          "dependencies": {
            "engine.io-client": {
              "version": "1.4.3",
              "from": "engine.io-client@1.4.3",
              "resolved": "https://registry.npmjs.org/engine.io-client/-/engine.io-client-1.4.3.tgz",
              "dependencies": {
                "has-cors": {
                  "version": "1.0.3",
                  "from": "has-cors@1.0.3",
                  "resolved": "https://registry.npmjs.org/has-cors/-/has-cors-1.0.3.tgz",
                  "dependencies": {
                    "global": {
                      "version": "2.0.1",
                      "from": "https://github.com/component/global/archive/v2.0.1.tar.gz",
                      "resolved": "https://github.com/component/global/archive/v2.0.1.tar.gz"
                    }
                  }
                },
                "ws": {
                  "version": "0.4.31",
                  "from": "ws@0.4.31",
                  "resolved": "https://registry.npmjs.org/ws/-/ws-0.4.31.tgz",
                  "dependencies": {
                    "commander": {
                      "version": "0.6.1",
                      "from": "commander@~0.6.1",
                      "resolved": "https://registry.npmjs.org/commander/-/commander-0.6.1.tgz"
                    },
                    "nan": {
                      "version": "0.3.2",
                      "from": "nan@~0.3.0",
                      "resolved": "https://registry.npmjs.org/nan/-/nan-0.3.2.tgz"
                    },
                    "tinycolor": {
                      "version": "0.0.1",
                      "from": "tinycolor@0.x",
                      "resolved": "https://registry.npmjs.org/tinycolor/-/tinycolor-0.0.1.tgz"
                    },
                    "options": {
                      "version": "0.0.6",
                      "from": "options@>=0.0.5",
                      "resolved": "https://registry.npmjs.org/options/-/options-0.0.6.tgz"
                    }
                  }
                },
                "xmlhttprequest": {
                  "version": "1.5.0",
                  "from": "https://github.com/LearnBoost/node-XMLHttpRequest/archive/0f36d0b5ebc03d85f860d42a64ae9791e1daa433.tar.gz",
                  "resolved": "https://github.com/LearnBoost/node-XMLHttpRequest/archive/0f36d0b5ebc03d85f860d42a64ae9791e1daa433.tar.gz"
                },
                "engine.io-parser": {
                  "version": "1.1.0",
                  "from": "engine.io-parser@1.1.0",
                  "resolved": "https://registry.npmjs.org/engine.io-parser/-/engine.io-parser-1.1.0.tgz",
                  "dependencies": {
                    "base64-arraybuffer": {
                      "version": "0.1.2",
                      "from": "base64-arraybuffer@0.1.2",
                      "resolved": "https://registry.npmjs.org/base64-arraybuffer/-/base64-arraybuffer-0.1.2.tgz"
                    },
                    "after": {
                      "version": "0.8.1",
                      "from": "after@0.8.1",
                      "resolved": "https://registry.npmjs.org/after/-/after-0.8.1.tgz"
                    },
                    "arraybuffer.slice": {
                      "version": "0.0.6",
                      "from": "arraybuffer.slice@0.0.6",
                      "resolved": "https://registry.npmjs.org/arraybuffer.slice/-/arraybuffer.slice-0.0.6.tgz"
                    },
                    "blob": {
                      "version": "0.0.2",
                      "from": "blob@0.0.2",
                      "resolved": "https://registry.npmjs.org/blob/-/blob-0.0.2.tgz"
                    },
                    "utf8": {
                      "version": "2.0.0",
                      "from": "utf8@2.0.0",
                      "resolved": "https://registry.npmjs.org/utf8/-/utf8-2.0.0.tgz"
                    }
                  }
                },
                "debug": {
                  "version": "1.0.4",
                  "from": "debug@1.0.4",
                  "resolved": "https://registry.npmjs.org/debug/-/debug-1.0.4.tgz",
                  "dependencies": {
                    "ms": {
                      "version": "0.6.2",
                      "from": "ms@0.6.2",
                      "resolved": "https://registry.npmjs.org/ms/-/ms-0.6.2.tgz"
                    }
                  }
                },
                "parseuri": {
                  "version": "0.0.4",
                  "from": "parseuri@0.0.4",
                  "resolved": "https://registry.npmjs.org/parseuri/-/parseuri-0.0.4.tgz",
                  "dependencies": {
                    "better-assert": {
                      "version": "1.0.2",
                      "from": "better-assert@~1.0.0",
                      "resolved": "https://registry.npmjs.org/better-assert/-/better-assert-1.0.2.tgz",
                      "dependencies": {
                        "callsite": {
                          "version": "1.0.0",
                          "from": "callsite@1.0.0",
                          "resolved": "https://registry.npmjs.org/callsite/-/callsite-1.0.0.tgz"
                        }
                      }
                    }
                  }
                },
                "parsejson": {
                  "version": "0.0.1",
                  "from": "parsejson@0.0.1",
                  "resolved": "https://registry.npmjs.org/parsejson/-/parsejson-0.0.1.tgz",
                  "dependencies": {
                    "better-assert": {
                      "version": "1.0.2",
                      "from": "better-assert@~1.0.0",
                      "resolved": "https://registry.npmjs.org/better-assert/-/better-assert-1.0.2.tgz",
                      "dependencies": {
                        "callsite": {
                          "version": "1.0.0",
                          "from": "callsite@1.0.0",
                          "resolved": "https://registry.npmjs.org/callsite/-/callsite-1.0.0.tgz"
                        }
                      }
                    }
                  }
                },
                "parseqs": {
                  "version": "0.0.2",
                  "from": "parseqs@0.0.2",
                  "resolved": "https://registry.npmjs.org/parseqs/-/parseqs-0.0.2.tgz",
                  "dependencies": {
                    "better-assert": {
                      "version": "1.0.2",
                      "from": "better-assert@~1.0.0",
                      "resolved": "https://registry.npmjs.org/better-assert/-/better-assert-1.0.2.tgz",
                      "dependencies": {
                        "callsite": {
                          "version": "1.0.0",
                          "from": "callsite@1.0.0",
                          "resolved": "https://registry.npmjs.org/callsite/-/callsite-1.0.0.tgz"
                        }
                      }
                    }
                  }
                },
                "component-inherit": {
                  "version": "0.0.3",
                  "from": "component-inherit@0.0.3",
                  "resolved": "https://registry.npmjs.org/component-inherit/-/component-inherit-0.0.3.tgz"
                }
              }
            },
            "component-bind": {
              "version": "1.0.0",
              "from": "component-bind@1.0.0",
              "resolved": "https://registry.npmjs.org/component-bind/-/component-bind-1.0.0.tgz"
            },
            "component-emitter": {
              "version": "1.1.2",
              "from": "component-emitter@1.1.2",
              "resolved": "https://registry.npmjs.org/component-emitter/-/component-emitter-1.1.2.tgz"
            },
            "object-component": {
              "version": "0.0.3",
              "from": "object-component@0.0.3",
              "resolved": "https://registry.npmjs.org/object-component/-/object-component-0.0.3.tgz"
            },
            "has-binary": {
              "version": "0.1.5",
              "from": "has-binary@0.1.5",
              "resolved": "https://registry.npmjs.org/has-binary/-/has-binary-0.1.5.tgz",
              "dependencies": {
                "isarray": {
                  "version": "0.0.1",
                  "from": "isarray@0.0.1",
                  "resolved": "https://registry.npmjs.org/isarray/-/isarray-0.0.1.tgz"
                }
              }
            },
            "indexof": {
              "version": "0.0.1",
              "from": "indexof@0.0.1",
              "resolved": "https://registry.npmjs.org/indexof/-/indexof-0.0.1.tgz"
            },
            "parseuri": {
              "version": "0.0.2",
              "from": "parseuri@0.0.2",
              "resolved": "https://registry.npmjs.org/parseuri/-/parseuri-0.0.2.tgz",
              "dependencies": {
                "better-assert": {
                  "version": "1.0.2",
                  "from": "better-assert@~1.0.0",
                  "resolved": "https://registry.npmjs.org/better-assert/-/better-assert-1.0.2.tgz",
                  "dependencies": {
                    "callsite": {
                      "version": "1.0.0",
                      "from": "callsite@1.0.0",
                      "resolved": "https://registry.npmjs.org/callsite/-/callsite-1.0.0.tgz"
                    }
                  }
                }
              }
            },
            "to-array": {
              "version": "0.1.3",
              "from": "to-array@0.1.3",
              "resolved": "https://registry.npmjs.org/to-array/-/to-array-0.1.3.tgz"
            }
          }
        },
        "socket.io-adapter": {
          "version": "0.3.1",
          "from": "socket.io-adapter@0.3.1",
          "resolved": "https://registry.npmjs.org/socket.io-adapter/-/socket.io-adapter-0.3.1.tgz",
          "dependencies": {
            "debug": {
              "version": "1.0.2",
              "from": "debug@1.0.2",
              "resolved": "https://registry.npmjs.org/debug/-/debug-1.0.2.tgz",
              "dependencies": {
                "ms": {
                  "version": "0.6.2",
                  "from": "ms@0.6.2",
                  "resolved": "https://registry.npmjs.org/ms/-/ms-0.6.2.tgz"
                }
              }
            },
            "object-keys": {
              "version": "1.0.1",
              "from": "object-keys@1.0.1",
              "resolved": "https://registry.npmjs.org/object-keys/-/object-keys-1.0.1.tgz"
            }
          }
        },
        "has-binary-data": {
          "version": "0.1.3",
          "from": "has-binary-data@0.1.3",
          "resolved": "https://registry.npmjs.org/has-binary-data/-/has-binary-data-0.1.3.tgz",
          "dependencies": {
            "isarray": {
              "version": "0.0.1",
              "from": "isarray@0.0.1",
              "resolved": "https://registry.npmjs.org/isarray/-/isarray-0.0.1.tgz"
            }
          }
        },
        "debug": {
          "version": "0.7.4",
          "from": "debug@0.7.4",
          "resolved": "https://registry.npmjs.org/debug/-/debug-0.7.4.tgz"
        }
      }
    },
    "socket.io-client": {
      "version": "1.2.1",
      "from": "socket.io-client@1.2.1",
      "resolved": "https://registry.npmjs.org/socket.io-client/-/socket.io-client-1.2.1.tgz",
      "dependencies": {
        "debug": {
          "version": "0.7.4",
          "from": "debug@0.7.4",
          "resolved": "https://registry.npmjs.org/debug/-/debug-0.7.4.tgz"
        },
        "engine.io-client": {
          "version": "1.4.3",
          "from": "engine.io-client@1.4.3",
          "resolved": "https://registry.npmjs.org/engine.io-client/-/engine.io-client-1.4.3.tgz",
          "dependencies": {
            "has-cors": {
              "version": "1.0.3",
              "from": "has-cors@1.0.3",
              "resolved": "https://registry.npmjs.org/has-cors/-/has-cors-1.0.3.tgz",
              "dependencies": {
                "global": {
                  "version": "2.0.1",
                  "from": "https://github.com/component/global/archive/v2.0.1.tar.gz",
                  "resolved": "https://github.com/component/global/archive/v2.0.1.tar.gz"
                }
              }
            },
            "ws": {
              "version": "0.4.31",
              "from": "ws@0.4.31",
              "resolved": "https://registry.npmjs.org/ws/-/ws-0.4.31.tgz",
              "dependencies": {
                "commander": {
                  "version": "0.6.1",
                  "from": "commander@~0.6.1",
                  "resolved": "https://registry.npmjs.org/commander/-/commander-0.6.1.tgz"
                },
                "nan": {
                  "version": "0.3.2",
                  "from": "nan@~0.3.0",
                  "resolved": "https://registry.npmjs.org/nan/-/nan-0.3.2.tgz"
                },
                "tinycolor": {
                  "version": "0.0.1",
                  "from": "tinycolor@0.x",
                  "resolved": "https://registry.npmjs.org/tinycolor/-/tinycolor-0.0.1.tgz"
                },
                "options": {
                  "version": "0.0.6",
                  "from": "options@>=0.0.5",
                  "resolved": "https://registry.npmjs.org/options/-/options-0.0.6.tgz"
                }
              }
            },
            "xmlhttprequest": {
              "version": "1.5.0",
              "from": "https://github.com/LearnBoost/node-XMLHttpRequest/archive/0f36d0b5ebc03d85f860d42a64ae9791e1daa433.tar.gz",
              "resolved": "https://github.com/LearnBoost/node-XMLHttpRequest/archive/0f36d0b5ebc03d85f860d42a64ae9791e1daa433.tar.gz"
            },
            "engine.io-parser": {
              "version": "1.1.0",
              "from": "engine.io-parser@1.1.0",
              "resolved": "https://registry.npmjs.org/engine.io-parser/-/engine.io-parser-1.1.0.tgz",
              "dependencies": {
                "base64-arraybuffer": {
                  "version": "0.1.2",
                  "from": "base64-arraybuffer@0.1.2",
                  "resolved": "https://registry.npmjs.org/base64-arraybuffer/-/base64-arraybuffer-0.1.2.tgz"
                },
                "after": {
                  "version": "0.8.1",
                  "from": "after@0.8.1",
                  "resolved": "https://registry.npmjs.org/after/-/after-0.8.1.tgz"
                },
                "arraybuffer.slice": {
                  "version": "0.0.6",
                  "from": "arraybuffer.slice@0.0.6",
                  "resolved": "https://registry.npmjs.org/arraybuffer.slice/-/arraybuffer.slice-0.0.6.tgz"
                },
                "blob": {
                  "version": "0.0.2",
                  "from": "blob@0.0.2",
                  "resolved": "https://registry.npmjs.org/blob/-/blob-0.0.2.tgz"
                },
                "utf8": {
                  "version": "2.0.0",
                  "from": "utf8@2.0.0",
                  "resolved": "https://registry.npmjs.org/utf8/-/utf8-2.0.0.tgz"
                }
              }
            },
            "debug": {
              "version": "1.0.4",
              "from": "debug@1.0.4",
              "resolved": "https://registry.npmjs.org/debug/-/debug-1.0.4.tgz",
              "dependencies": {
                "ms": {
                  "version": "0.6.2",
                  "from": "ms@0.6.2",
                  "resolved": "https://registry.npmjs.org/ms/-/ms-0.6.2.tgz"
                }
              }
            },
            "parseuri": {
              "version": "0.0.4",
              "from": "parseuri@0.0.4",
              "resolved": "https://registry.npmjs.org/parseuri/-/parseuri-0.0.4.tgz",
              "dependencies": {
                "better-assert": {
                  "version": "1.0.2",
                  "from": "better-assert@~1.0.0",
                  "resolved": "https://registry.npmjs.org/better-assert/-/better-assert-1.0.2.tgz",
                  "dependencies": {
                    "callsite": {
                      "version": "1.0.0",
                      "from": "callsite@1.0.0",
                      "resolved": "https://registry.npmjs.org/callsite/-/callsite-1.0.0.tgz"
                    }
                  }
                }
              }
            },
            "parsejson": {
              "version": "0.0.1",
              "from": "parsejson@0.0.1",
              "resolved": "https://registry.npmjs.org/parsejson/-/parsejson-0.0.1.tgz",
              "dependencies": {
                "better-assert": {
                  "version": "1.0.2",
                  "from": "better-assert@~1.0.0",
                  "resolved": "https://registry.npmjs.org/better-assert/-/better-assert-1.0.2.tgz",
                  "dependencies": {
                    "callsite": {
                      "version": "1.0.0",
                      "from": "callsite@1.0.0",
                      "resolved": "https://registry.npmjs.org/callsite/-/callsite-1.0.0.tgz"
                    }
                  }
                }
              }
            },
            "parseqs": {
              "version": "0.0.2",
              "from": "parseqs@0.0.2",
              "resolved": "https://registry.npmjs.org/parseqs/-/parseqs-0.0.2.tgz",
              "dependencies": {
                "better-assert": {
                  "version": "1.0.2",
                  "from": "better-assert@~1.0.0",
                  "resolved": "https://registry.npmjs.org/better-assert/-/better-assert-1.0.2.tgz",
                  "dependencies": {
                    "callsite": {
                      "version": "1.0.0",
                      "from": "callsite@1.0.0",
                      "resolved": "https://registry.npmjs.org/callsite/-/callsite-1.0.0.tgz"
                    }
                  }
                }
              }
            },
            "component-inherit": {
              "version": "0.0.3",
              "from": "component-inherit@0.0.3",
              "resolved": "https://registry.npmjs.org/component-inherit/-/component-inherit-0.0.3.tgz"
            }
          }
        },
        "component-bind": {
          "version": "1.0.0",
          "from": "component-bind@1.0.0",
          "resolved": "https://registry.npmjs.org/component-bind/-/component-bind-1.0.0.tgz"
        },
        "component-emitter": {
          "version": "1.1.2",
          "from": "component-emitter@1.1.2",
          "resolved": "https://registry.npmjs.org/component-emitter/-/component-emitter-1.1.2.tgz"
        },
        "object-component": {
          "version": "0.0.3",
          "from": "object-component@0.0.3",
          "resolved": "https://registry.npmjs.org/object-component/-/object-component-0.0.3.tgz"
        },
        "socket.io-parser": {
          "version": "2.2.2",
          "from": "socket.io-parser@2.2.2",
          "resolved": "https://registry.npmjs.org/socket.io-parser/-/socket.io-parser-2.2.2.tgz",
          "dependencies": {
            "json3": {
              "version": "3.2.6",
              "from": "json3@3.2.6",
              "resolved": "https://registry.npmjs.org/json3/-/json3-3.2.6.tgz"
            },
            "isarray": {
              "version": "0.0.1",
              "from": "isarray@0.0.1",
              "resolved": "https://registry.npmjs.org/isarray/-/isarray-0.0.1.tgz"
            },
            "benchmark": {
              "version": "1.0.0",
              "from": "benchmark@1.0.0",
              "resolved": "https://registry.npmjs.org/benchmark/-/benchmark-1.0.0.tgz"
            }
          }
        },
        "has-binary": {
          "version": "0.1.5",
          "from": "has-binary@0.1.5",
          "resolved": "https://registry.npmjs.org/has-binary/-/has-binary-0.1.5.tgz",
          "dependencies": {
            "isarray": {
              "version": "0.0.1",
              "from": "isarray@0.0.1",
              "resolved": "https://registry.npmjs.org/isarray/-/isarray-0.0.1.tgz"
            }
          }
        },
        "indexof": {
          "version": "0.0.1",
          "from": "indexof@0.0.1",
          "resolved": "https://registry.npmjs.org/indexof/-/indexof-0.0.1.tgz"
        },
        "parseuri": {
          "version": "0.0.2",
          "from": "parseuri@0.0.2",
          "resolved": "https://registry.npmjs.org/parseuri/-/parseuri-0.0.2.tgz",
          "dependencies": {
            "better-assert": {
              "version": "1.0.2",
              "from": "better-assert@~1.0.0",
              "resolved": "https://registry.npmjs.org/better-assert/-/better-assert-1.0.2.tgz",
              "dependencies": {
                "callsite": {
                  "version": "1.0.0",
                  "from": "callsite@1.0.0",
                  "resolved": "https://registry.npmjs.org/callsite/-/callsite-1.0.0.tgz"
                }
              }
            }
          }
        },
        "to-array": {
          "version": "0.1.3",
          "from": "to-array@0.1.3",
          "resolved": "https://registry.npmjs.org/to-array/-/to-array-0.1.3.tgz"
        }
      }
    }
  }
}
